// !$*UTF8*$!
{
	archiveVersion = 1;
	classes = {
	};
	objectVersion = 50;
	objects = {

/* Begin PBXBuildFile section */
		362DB344220BA06B002BC801 /* GoogleService-Info.plist in Resources */ = {isa = PBXBuildFile; fileRef = 362DB343220BA06B002BC801 /* GoogleService-Info.plist */; };
		365C90792202CF0600AD4095 /* creativeViewController1.m in Sources */ = {isa = PBXBuildFile; fileRef = 365C90782202CF0600AD4095 /* creativeViewController1.m */; };
		365C907C2202CF4200AD4095 /* recommendationViewController.m in Sources */ = {isa = PBXBuildFile; fileRef = 365C907B2202CF4100AD4095 /* recommendationViewController.m */; };
		365C907E2202D08600AD4095 /* ooking.png in Resources */ = {isa = PBXBuildFile; fileRef = 365C907D2202D08500AD4095 /* ooking.png */; };
		365C90A72202D11000AD4095 /* icons8-restaurant-table-25.png in Resources */ = {isa = PBXBuildFile; fileRef = 365C90992202D10E00AD4095 /* icons8-restaurant-table-25.png */; };
		36741A6721FEBE32009D19D5 /* Main.storyboard in Resources */ = {isa = PBXBuildFile; fileRef = 36741A6521FEBE32009D19D5 /* Main.storyboard */; };
		36741A6A21FEBE32009D19D5 /* Bacon.xcdatamodeld in Sources */ = {isa = PBXBuildFile; fileRef = 36741A6821FEBE32009D19D5 /* Bacon.xcdatamodeld */; };
		36741A6C21FEBE32009D19D5 /* Assets.xcassets in Resources */ = {isa = PBXBuildFile; fileRef = 36741A6B21FEBE32009D19D5 /* Assets.xcassets */; };
		36741A6F21FEBE32009D19D5 /* LaunchScreen.storyboard in Resources */ = {isa = PBXBuildFile; fileRef = 36741A6D21FEBE32009D19D5 /* LaunchScreen.storyboard */; };
		36741A7221FEBE33009D19D5 /* main.m in Sources */ = {isa = PBXBuildFile; fileRef = 36741A7121FEBE33009D19D5 /* main.m */; };
		36741A7C21FEBE33009D19D5 /* BaconTests.m in Sources */ = {isa = PBXBuildFile; fileRef = 36741A7B21FEBE33009D19D5 /* BaconTests.m */; };
		36741A8721FEBE33009D19D5 /* BaconUITests.m in Sources */ = {isa = PBXBuildFile; fileRef = 36741A8621FEBE33009D19D5 /* BaconUITests.m */; };
		36BD69FA21FEEE8A00A4C49E /* creativeViewController2.m in Sources */ = {isa = PBXBuildFile; fileRef = 36BD69F921FEEE8A00A4C49E /* creativeViewController2.m */; };
		36BD69FD21FEEEA300A4C49E /* detailPageViewController.m in Sources */ = {isa = PBXBuildFile; fileRef = 36BD69FC21FEEEA300A4C49E /* detailPageViewController.m */; };
		36BD69FE21FEF65100A4C49E /* AppDelegate.m in Sources */ = {isa = PBXBuildFile; fileRef = 36741A6021FEBE32009D19D5 /* AppDelegate.m */; };
		4BC142820C740449B3EF941E /* libPods-BaconUITests.a in Frameworks */ = {isa = PBXBuildFile; fileRef = A001000AF1DF922BCCB05EF7 /* libPods-BaconUITests.a */; };
		8A88EDF31287247DF99A26A4 /* libPods-Bacon.a in Frameworks */ = {isa = PBXBuildFile; fileRef = F2E3074E399846C86F3A1A1F /* libPods-Bacon.a */; };
		E6E8424A844B43CB7BA68EE1 /* libPods-BaconTests.a in Frameworks */ = {isa = PBXBuildFile; fileRef = 692C72AA05C2721F05C272F0 /* libPods-BaconTests.a */; };
/* End PBXBuildFile section */

/* Begin PBXContainerItemProxy section */
		36741A7821FEBE33009D19D5 /* PBXContainerItemProxy */ = {
			isa = PBXContainerItemProxy;
			containerPortal = 36741A5421FEBE32009D19D5 /* Project object */;
			proxyType = 1;
			remoteGlobalIDString = 36741A5B21FEBE32009D19D5;
			remoteInfo = Bacon;
		};
		36741A8321FEBE33009D19D5 /* PBXContainerItemProxy */ = {
			isa = PBXContainerItemProxy;
			containerPortal = 36741A5421FEBE32009D19D5 /* Project object */;
			proxyType = 1;
			remoteGlobalIDString = 36741A5B21FEBE32009D19D5;
			remoteInfo = Bacon;
		};
/* End PBXContainerItemProxy section */

/* Begin PBXFileReference section */
		05CC00BBF5CB52F640E4F31A /* Pods-BaconTests.release.xcconfig */ = {isa = PBXFileReference; includeInIndex = 1; lastKnownFileType = text.xcconfig; name = "Pods-BaconTests.release.xcconfig"; path = "Pods/Target Support Files/Pods-BaconTests/Pods-BaconTests.release.xcconfig"; sourceTree = "<group>"; };
		21C0E50ED0EDB18B76E25DC7 /* Pods-BaconUITests.release.xcconfig */ = {isa = PBXFileReference; includeInIndex = 1; lastKnownFileType = text.xcconfig; name = "Pods-BaconUITests.release.xcconfig"; path = "Pods/Target Support Files/Pods-BaconUITests/Pods-BaconUITests.release.xcconfig"; sourceTree = "<group>"; };
		259C0AD09A67CBEB7615E0F4 /* Pods-Bacon.debug.xcconfig */ = {isa = PBXFileReference; includeInIndex = 1; lastKnownFileType = text.xcconfig; name = "Pods-Bacon.debug.xcconfig"; path = "Pods/Target Support Files/Pods-Bacon/Pods-Bacon.debug.xcconfig"; sourceTree = "<group>"; };
		292E2F67D0C402F389DED9EA /* Pods-BaconTests.debug.xcconfig */ = {isa = PBXFileReference; includeInIndex = 1; lastKnownFileType = text.xcconfig; name = "Pods-BaconTests.debug.xcconfig"; path = "Pods/Target Support Files/Pods-BaconTests/Pods-BaconTests.debug.xcconfig"; sourceTree = "<group>"; };
		362DB343220BA06B002BC801 /* GoogleService-Info.plist */ = {isa = PBXFileReference; fileEncoding = 4; lastKnownFileType = text.plist.xml; path = "GoogleService-Info.plist"; sourceTree = "<group>"; };
		365C90782202CF0600AD4095 /* creativeViewController1.m */ = {isa = PBXFileReference; fileEncoding = 4; lastKnownFileType = sourcecode.c.objc; path = creativeViewController1.m; sourceTree = "<group>"; };
		365C907A2202CF4100AD4095 /* recommendationViewController.h */ = {isa = PBXFileReference; fileEncoding = 4; lastKnownFileType = sourcecode.c.h; path = recommendationViewController.h; sourceTree = "<group>"; };
		365C907B2202CF4100AD4095 /* recommendationViewController.m */ = {isa = PBXFileReference; fileEncoding = 4; lastKnownFileType = sourcecode.c.objc; path = recommendationViewController.m; sourceTree = "<group>"; };
		365C907D2202D08500AD4095 /* ooking.png */ = {isa = PBXFileReference; lastKnownFileType = image.png; path = ooking.png; sourceTree = "<group>"; };
		365C90992202D10E00AD4095 /* icons8-restaurant-table-25.png */ = {isa = PBXFileReference; lastKnownFileType = image.png; path = "icons8-restaurant-table-25.png"; sourceTree = "<group>"; };
		36741A5C21FEBE32009D19D5 /* Bacon.app */ = {isa = PBXFileReference; explicitFileType = wrapper.application; includeInIndex = 0; path = Bacon.app; sourceTree = BUILT_PRODUCTS_DIR; };
		36741A5F21FEBE32009D19D5 /* AppDelegate.h */ = {isa = PBXFileReference; lastKnownFileType = sourcecode.c.h; path = AppDelegate.h; sourceTree = "<group>"; };
		36741A6021FEBE32009D19D5 /* AppDelegate.m */ = {isa = PBXFileReference; lastKnownFileType = sourcecode.c.objc; path = AppDelegate.m; sourceTree = "<group>"; };
		36741A6621FEBE32009D19D5 /* Base */ = {isa = PBXFileReference; lastKnownFileType = file.storyboard; name = Base; path = Base.lproj/Main.storyboard; sourceTree = "<group>"; };
		36741A6921FEBE32009D19D5 /* Bacon.xcdatamodel */ = {isa = PBXFileReference; lastKnownFileType = wrapper.xcdatamodel; path = Bacon.xcdatamodel; sourceTree = "<group>"; };
		36741A6B21FEBE32009D19D5 /* Assets.xcassets */ = {isa = PBXFileReference; lastKnownFileType = folder.assetcatalog; path = Assets.xcassets; sourceTree = "<group>"; };
		36741A6E21FEBE32009D19D5 /* Base */ = {isa = PBXFileReference; lastKnownFileType = file.storyboard; name = Base; path = Base.lproj/LaunchScreen.storyboard; sourceTree = "<group>"; };
		36741A7021FEBE33009D19D5 /* Info.plist */ = {isa = PBXFileReference; lastKnownFileType = text.plist.xml; path = Info.plist; sourceTree = "<group>"; };
		36741A7121FEBE33009D19D5 /* main.m */ = {isa = PBXFileReference; lastKnownFileType = sourcecode.c.objc; path = main.m; sourceTree = "<group>"; };
		36741A7721FEBE33009D19D5 /* BaconTests.xctest */ = {isa = PBXFileReference; explicitFileType = wrapper.cfbundle; includeInIndex = 0; path = BaconTests.xctest; sourceTree = BUILT_PRODUCTS_DIR; };
		36741A7B21FEBE33009D19D5 /* BaconTests.m */ = {isa = PBXFileReference; lastKnownFileType = sourcecode.c.objc; path = BaconTests.m; sourceTree = "<group>"; };
		36741A7D21FEBE33009D19D5 /* Info.plist */ = {isa = PBXFileReference; lastKnownFileType = text.plist.xml; path = Info.plist; sourceTree = "<group>"; };
		36741A8221FEBE33009D19D5 /* BaconUITests.xctest */ = {isa = PBXFileReference; explicitFileType = wrapper.cfbundle; includeInIndex = 0; path = BaconUITests.xctest; sourceTree = BUILT_PRODUCTS_DIR; };
		36741A8621FEBE33009D19D5 /* BaconUITests.m */ = {isa = PBXFileReference; lastKnownFileType = sourcecode.c.objc; path = BaconUITests.m; sourceTree = "<group>"; };
		36741A8821FEBE33009D19D5 /* Info.plist */ = {isa = PBXFileReference; lastKnownFileType = text.plist.xml; path = Info.plist; sourceTree = "<group>"; };
		36BD69F521FEEE7B00A4C49E /* creativeViewController1.h */ = {isa = PBXFileReference; lastKnownFileType = sourcecode.c.h; path = creativeViewController1.h; sourceTree = "<group>"; };
		36BD69F821FEEE8A00A4C49E /* creativeViewController2.h */ = {isa = PBXFileReference; lastKnownFileType = sourcecode.c.h; path = creativeViewController2.h; sourceTree = "<group>"; };
		36BD69F921FEEE8A00A4C49E /* creativeViewController2.m */ = {isa = PBXFileReference; lastKnownFileType = sourcecode.c.objc; path = creativeViewController2.m; sourceTree = "<group>"; };
		36BD69FB21FEEEA300A4C49E /* detailPageViewController.h */ = {isa = PBXFileReference; lastKnownFileType = sourcecode.c.h; path = detailPageViewController.h; sourceTree = "<group>"; };
		36BD69FC21FEEEA300A4C49E /* detailPageViewController.m */ = {isa = PBXFileReference; lastKnownFileType = sourcecode.c.objc; path = detailPageViewController.m; sourceTree = "<group>"; };
		692C72AA05C2721F05C272F0 /* libPods-BaconTests.a */ = {isa = PBXFileReference; explicitFileType = archive.ar; includeInIndex = 0; path = "libPods-BaconTests.a"; sourceTree = BUILT_PRODUCTS_DIR; };
		A001000AF1DF922BCCB05EF7 /* libPods-BaconUITests.a */ = {isa = PBXFileReference; explicitFileType = archive.ar; includeInIndex = 0; path = "libPods-BaconUITests.a"; sourceTree = BUILT_PRODUCTS_DIR; };
		D5A18AD71B3D6041925E4870 /* Pods-BaconUITests.debug.xcconfig */ = {isa = PBXFileReference; includeInIndex = 1; lastKnownFileType = text.xcconfig; name = "Pods-BaconUITests.debug.xcconfig"; path = "Pods/Target Support Files/Pods-BaconUITests/Pods-BaconUITests.debug.xcconfig"; sourceTree = "<group>"; };
		DFC13B0045415D6965844BEC /* Pods-Bacon.release.xcconfig */ = {isa = PBXFileReference; includeInIndex = 1; lastKnownFileType = text.xcconfig; name = "Pods-Bacon.release.xcconfig"; path = "Pods/Target Support Files/Pods-Bacon/Pods-Bacon.release.xcconfig"; sourceTree = "<group>"; };
		F2E3074E399846C86F3A1A1F /* libPods-Bacon.a */ = {isa = PBXFileReference; explicitFileType = archive.ar; includeInIndex = 0; path = "libPods-Bacon.a"; sourceTree = BUILT_PRODUCTS_DIR; };
/* End PBXFileReference section */

/* Begin PBXFrameworksBuildPhase section */
		36741A5921FEBE32009D19D5 /* Frameworks */ = {
			isa = PBXFrameworksBuildPhase;
			buildActionMask = 2147483647;
			files = (
				8A88EDF31287247DF99A26A4 /* libPods-Bacon.a in Frameworks */,
			);
			runOnlyForDeploymentPostprocessing = 0;
		};
		36741A7421FEBE33009D19D5 /* Frameworks */ = {
			isa = PBXFrameworksBuildPhase;
			buildActionMask = 2147483647;
			files = (
				E6E8424A844B43CB7BA68EE1 /* libPods-BaconTests.a in Frameworks */,
			);
			runOnlyForDeploymentPostprocessing = 0;
		};
		36741A7F21FEBE33009D19D5 /* Frameworks */ = {
			isa = PBXFrameworksBuildPhase;
			buildActionMask = 2147483647;
			files = (
				4BC142820C740449B3EF941E /* libPods-BaconUITests.a in Frameworks */,
			);
			runOnlyForDeploymentPostprocessing = 0;
		};
/* End PBXFrameworksBuildPhase section */

/* Begin PBXGroup section */
		36741A5321FEBE32009D19D5 = {
			isa = PBXGroup;
			children = (
				36741A5E21FEBE32009D19D5 /* Bacon */,
				36741A7A21FEBE33009D19D5 /* BaconTests */,
				36741A8521FEBE33009D19D5 /* BaconUITests */,
				36741A5D21FEBE32009D19D5 /* Products */,
				CA5C9AF2745A4D0D275FFCDD /* Pods */,
				7CCD40CD0384E95F8290B6B7 /* Frameworks */,
			);
			sourceTree = "<group>";
		};
		36741A5D21FEBE32009D19D5 /* Products */ = {
			isa = PBXGroup;
			children = (
				36741A5C21FEBE32009D19D5 /* Bacon.app */,
				36741A7721FEBE33009D19D5 /* BaconTests.xctest */,
				36741A8221FEBE33009D19D5 /* BaconUITests.xctest */,
			);
			name = Products;
			sourceTree = "<group>";
		};
		36741A5E21FEBE32009D19D5 /* Bacon */ = {
			isa = PBXGroup;
			children = (
				36741A5F21FEBE32009D19D5 /* AppDelegate.h */,
				36BD69F521FEEE7B00A4C49E /* creativeViewController1.h */,
				36BD69F821FEEE8A00A4C49E /* creativeViewController2.h */,
				36BD69FB21FEEEA300A4C49E /* detailPageViewController.h */,
				365C907A2202CF4100AD4095 /* recommendationViewController.h */,
				36741A6021FEBE32009D19D5 /* AppDelegate.m */,
				365C90782202CF0600AD4095 /* creativeViewController1.m */,
				36BD69F921FEEE8A00A4C49E /* creativeViewController2.m */,
				36BD69FC21FEEEA300A4C49E /* detailPageViewController.m */,
				36741A7121FEBE33009D19D5 /* main.m */,
				365C907B2202CF4100AD4095 /* recommendationViewController.m */,
				36741A7021FEBE33009D19D5 /* Info.plist */,
				365C90992202D10E00AD4095 /* icons8-restaurant-table-25.png */,
				365C907D2202D08500AD4095 /* ooking.png */,
				36741A6B21FEBE32009D19D5 /* Assets.xcassets */,
				36741A6821FEBE32009D19D5 /* Bacon.xcdatamodeld */,
				36741A6D21FEBE32009D19D5 /* LaunchScreen.storyboard */,
				36741A6521FEBE32009D19D5 /* Main.storyboard */,
				362DB343220BA06B002BC801 /* GoogleService-Info.plist */,
			);
			path = Bacon;
			sourceTree = "<group>";
		};
		36741A7A21FEBE33009D19D5 /* BaconTests */ = {
			isa = PBXGroup;
			children = (
				36741A7B21FEBE33009D19D5 /* BaconTests.m */,
				36741A7D21FEBE33009D19D5 /* Info.plist */,
			);
			path = BaconTests;
			sourceTree = "<group>";
		};
		36741A8521FEBE33009D19D5 /* BaconUITests */ = {
			isa = PBXGroup;
			children = (
				36741A8621FEBE33009D19D5 /* BaconUITests.m */,
				36741A8821FEBE33009D19D5 /* Info.plist */,
			);
			path = BaconUITests;
			sourceTree = "<group>";
		};
		7CCD40CD0384E95F8290B6B7 /* Frameworks */ = {
			isa = PBXGroup;
			children = (
				F2E3074E399846C86F3A1A1F /* libPods-Bacon.a */,
				692C72AA05C2721F05C272F0 /* libPods-BaconTests.a */,
				A001000AF1DF922BCCB05EF7 /* libPods-BaconUITests.a */,
			);
			name = Frameworks;
			sourceTree = "<group>";
		};
		CA5C9AF2745A4D0D275FFCDD /* Pods */ = {
			isa = PBXGroup;
			children = (
				259C0AD09A67CBEB7615E0F4 /* Pods-Bacon.debug.xcconfig */,
				DFC13B0045415D6965844BEC /* Pods-Bacon.release.xcconfig */,
				292E2F67D0C402F389DED9EA /* Pods-BaconTests.debug.xcconfig */,
				05CC00BBF5CB52F640E4F31A /* Pods-BaconTests.release.xcconfig */,
				D5A18AD71B3D6041925E4870 /* Pods-BaconUITests.debug.xcconfig */,
				21C0E50ED0EDB18B76E25DC7 /* Pods-BaconUITests.release.xcconfig */,
			);
			name = Pods;
			sourceTree = "<group>";
		};
/* End PBXGroup section */

/* Begin PBXNativeTarget section */
		36741A5B21FEBE32009D19D5 /* Bacon */ = {
			isa = PBXNativeTarget;
			buildConfigurationList = 36741A8B21FEBE33009D19D5 /* Build configuration list for PBXNativeTarget "Bacon" */;
			buildPhases = (
				0D30F38F30D30D59E7C4F4CC /* [CP] Check Pods Manifest.lock */,
				36741A5821FEBE32009D19D5 /* Sources */,
				36741A5921FEBE32009D19D5 /* Frameworks */,
				36741A5A21FEBE32009D19D5 /* Resources */,
			);
			buildRules = (
			);
			dependencies = (
			);
			name = Bacon;
			productName = Bacon;
			productReference = 36741A5C21FEBE32009D19D5 /* Bacon.app */;
			productType = "com.apple.product-type.application";
		};
		36741A7621FEBE33009D19D5 /* BaconTests */ = {
			isa = PBXNativeTarget;
			buildConfigurationList = 36741A8E21FEBE33009D19D5 /* Build configuration list for PBXNativeTarget "BaconTests" */;
			buildPhases = (
				2385224AAE4C60E672DB0C41 /* [CP] Check Pods Manifest.lock */,
				36741A7321FEBE33009D19D5 /* Sources */,
				36741A7421FEBE33009D19D5 /* Frameworks */,
				36741A7521FEBE33009D19D5 /* Resources */,
			);
			buildRules = (
			);
			dependencies = (
				36741A7921FEBE33009D19D5 /* PBXTargetDependency */,
			);
			name = BaconTests;
			productName = BaconTests;
			productReference = 36741A7721FEBE33009D19D5 /* BaconTests.xctest */;
			productType = "com.apple.product-type.bundle.unit-test";
		};
		36741A8121FEBE33009D19D5 /* BaconUITests */ = {
			isa = PBXNativeTarget;
			buildConfigurationList = 36741A9121FEBE33009D19D5 /* Build configuration list for PBXNativeTarget "BaconUITests" */;
			buildPhases = (
				27C276944E759B82E14F4F6C /* [CP] Check Pods Manifest.lock */,
				36741A7E21FEBE33009D19D5 /* Sources */,
				36741A7F21FEBE33009D19D5 /* Frameworks */,
				36741A8021FEBE33009D19D5 /* Resources */,
			);
			buildRules = (
			);
			dependencies = (
				36741A8421FEBE33009D19D5 /* PBXTargetDependency */,
			);
			name = BaconUITests;
			productName = BaconUITests;
			productReference = 36741A8221FEBE33009D19D5 /* BaconUITests.xctest */;
			productType = "com.apple.product-type.bundle.ui-testing";
		};
/* End PBXNativeTarget section */

/* Begin PBXProject section */
		36741A5421FEBE32009D19D5 /* Project object */ = {
			isa = PBXProject;
			attributes = {
				LastUpgradeCheck = 1010;
				ORGANIZATIONNAME = DeanO;
				TargetAttributes = {
					36741A5B21FEBE32009D19D5 = {
						CreatedOnToolsVersion = 10.1;
					};
					36741A7621FEBE33009D19D5 = {
						CreatedOnToolsVersion = 10.1;
						TestTargetID = 36741A5B21FEBE32009D19D5;
					};
					36741A8121FEBE33009D19D5 = {
						CreatedOnToolsVersion = 10.1;
						TestTargetID = 36741A5B21FEBE32009D19D5;
					};
				};
			};
			buildConfigurationList = 36741A5721FEBE32009D19D5 /* Build configuration list for PBXProject "Bacon" */;
			compatibilityVersion = "Xcode 9.3";
			developmentRegion = en;
			hasScannedForEncodings = 0;
			knownRegions = (
				en,
				Base,
			);
			mainGroup = 36741A5321FEBE32009D19D5;
			productRefGroup = 36741A5D21FEBE32009D19D5 /* Products */;
			projectDirPath = "";
			projectRoot = "";
			targets = (
				36741A5B21FEBE32009D19D5 /* Bacon */,
				36741A7621FEBE33009D19D5 /* BaconTests */,
				36741A8121FEBE33009D19D5 /* BaconUITests */,
			);
		};
/* End PBXProject section */

/* Begin PBXResourcesBuildPhase section */
		36741A5A21FEBE32009D19D5 /* Resources */ = {
			isa = PBXResourcesBuildPhase;
			buildActionMask = 2147483647;
			files = (
				36741A6F21FEBE32009D19D5 /* LaunchScreen.storyboard in Resources */,
				36741A6C21FEBE32009D19D5 /* Assets.xcassets in Resources */,
				365C90A72202D11000AD4095 /* icons8-restaurant-table-25.png in Resources */,
				36741A6721FEBE32009D19D5 /* Main.storyboard in Resources */,
				365C907E2202D08600AD4095 /* ooking.png in Resources */,
				362DB344220BA06B002BC801 /* GoogleService-Info.plist in Resources */,
			);
			runOnlyForDeploymentPostprocessing = 0;
		};
		36741A7521FEBE33009D19D5 /* Resources */ = {
			isa = PBXResourcesBuildPhase;
			buildActionMask = 2147483647;
			files = (
			);
			runOnlyForDeploymentPostprocessing = 0;
		};
		36741A8021FEBE33009D19D5 /* Resources */ = {
			isa = PBXResourcesBuildPhase;
			buildActionMask = 2147483647;
			files = (
			);
			runOnlyForDeploymentPostprocessing = 0;
		};
/* End PBXResourcesBuildPhase section */

/* Begin PBXShellScriptBuildPhase section */
		0D30F38F30D30D59E7C4F4CC /* [CP] Check Pods Manifest.lock */ = {
			isa = PBXShellScriptBuildPhase;
			buildActionMask = 2147483647;
			files = (
			);
			inputFileListPaths = (
			);
			inputPaths = (
				"${PODS_PODFILE_DIR_PATH}/Podfile.lock",
				"${PODS_ROOT}/Manifest.lock",
			);
			name = "[CP] Check Pods Manifest.lock";
			outputFileListPaths = (
			);
			outputPaths = (
				"$(DERIVED_FILE_DIR)/Pods-Bacon-checkManifestLockResult.txt",
			);
			runOnlyForDeploymentPostprocessing = 0;
			shellPath = /bin/sh;
			shellScript = "diff \"${PODS_PODFILE_DIR_PATH}/Podfile.lock\" \"${PODS_ROOT}/Manifest.lock\" > /dev/null\nif [ $? != 0 ] ; then\n    # print error to STDERR\n    echo \"error: The sandbox is not in sync with the Podfile.lock. Run 'pod install' or update your CocoaPods installation.\" >&2\n    exit 1\nfi\n# This output is used by Xcode 'outputs' to avoid re-running this script phase.\necho \"SUCCESS\" > \"${SCRIPT_OUTPUT_FILE_0}\"\n";
			showEnvVarsInLog = 0;
		};
		2385224AAE4C60E672DB0C41 /* [CP] Check Pods Manifest.lock */ = {
			isa = PBXShellScriptBuildPhase;
			buildActionMask = 2147483647;
			files = (
			);
			inputFileListPaths = (
			);
			inputPaths = (
				"${PODS_PODFILE_DIR_PATH}/Podfile.lock",
				"${PODS_ROOT}/Manifest.lock",
			);
			name = "[CP] Check Pods Manifest.lock";
			outputFileListPaths = (
			);
			outputPaths = (
				"$(DERIVED_FILE_DIR)/Pods-BaconTests-checkManifestLockResult.txt",
			);
			runOnlyForDeploymentPostprocessing = 0;
			shellPath = /bin/sh;
			shellScript = "diff \"${PODS_PODFILE_DIR_PATH}/Podfile.lock\" \"${PODS_ROOT}/Manifest.lock\" > /dev/null\nif [ $? != 0 ] ; then\n    # print error to STDERR\n    echo \"error: The sandbox is not in sync with the Podfile.lock. Run 'pod install' or update your CocoaPods installation.\" >&2\n    exit 1\nfi\n# This output is used by Xcode 'outputs' to avoid re-running this script phase.\necho \"SUCCESS\" > \"${SCRIPT_OUTPUT_FILE_0}\"\n";
			showEnvVarsInLog = 0;
		};
		27C276944E759B82E14F4F6C /* [CP] Check Pods Manifest.lock */ = {
			isa = PBXShellScriptBuildPhase;
			buildActionMask = 2147483647;
			files = (
			);
			inputFileListPaths = (
			);
			inputPaths = (
				"${PODS_PODFILE_DIR_PATH}/Podfile.lock",
				"${PODS_ROOT}/Manifest.lock",
			);
			name = "[CP] Check Pods Manifest.lock";
			outputFileListPaths = (
			);
			outputPaths = (
				"$(DERIVED_FILE_DIR)/Pods-BaconUITests-checkManifestLockResult.txt",
			);
			runOnlyForDeploymentPostprocessing = 0;
			shellPath = /bin/sh;
			shellScript = "diff \"${PODS_PODFILE_DIR_PATH}/Podfile.lock\" \"${PODS_ROOT}/Manifest.lock\" > /dev/null\nif [ $? != 0 ] ; then\n    # print error to STDERR\n    echo \"error: The sandbox is not in sync with the Podfile.lock. Run 'pod install' or update your CocoaPods installation.\" >&2\n    exit 1\nfi\n# This output is used by Xcode 'outputs' to avoid re-running this script phase.\necho \"SUCCESS\" > \"${SCRIPT_OUTPUT_FILE_0}\"\n";
			showEnvVarsInLog = 0;
		};
/* End PBXShellScriptBuildPhase section */

/* Begin PBXSourcesBuildPhase section */
		36741A5821FEBE32009D19D5 /* Sources */ = {
			isa = PBXSourcesBuildPhase;
			buildActionMask = 2147483647;
			files = (
				36741A6A21FEBE32009D19D5 /* Bacon.xcdatamodeld in Sources */,
				36741A7221FEBE33009D19D5 /* main.m in Sources */,
				36BD69FD21FEEEA300A4C49E /* detailPageViewController.m in Sources */,
				36BD69FA21FEEE8A00A4C49E /* creativeViewController2.m in Sources */,
				365C907C2202CF4200AD4095 /* recommendationViewController.m in Sources */,
				36BD69FE21FEF65100A4C49E /* AppDelegate.m in Sources */,
				365C90792202CF0600AD4095 /* creativeViewController1.m in Sources */,
			);
			runOnlyForDeploymentPostprocessing = 0;
		};
		36741A7321FEBE33009D19D5 /* Sources */ = {
			isa = PBXSourcesBuildPhase;
			buildActionMask = 2147483647;
			files = (
				36741A7C21FEBE33009D19D5 /* BaconTests.m in Sources */,
			);
			runOnlyForDeploymentPostprocessing = 0;
		};
		36741A7E21FEBE33009D19D5 /* Sources */ = {
			isa = PBXSourcesBuildPhase;
			buildActionMask = 2147483647;
			files = (
				36741A8721FEBE33009D19D5 /* BaconUITests.m in Sources */,
			);
			runOnlyForDeploymentPostprocessing = 0;
		};
/* End PBXSourcesBuildPhase section */

/* Begin PBXTargetDependency section */
		36741A7921FEBE33009D19D5 /* PBXTargetDependency */ = {
			isa = PBXTargetDependency;
			target = 36741A5B21FEBE32009D19D5 /* Bacon */;
			targetProxy = 36741A7821FEBE33009D19D5 /* PBXContainerItemProxy */;
		};
		36741A8421FEBE33009D19D5 /* PBXTargetDependency */ = {
			isa = PBXTargetDependency;
			target = 36741A5B21FEBE32009D19D5 /* Bacon */;
			targetProxy = 36741A8321FEBE33009D19D5 /* PBXContainerItemProxy */;
		};
/* End PBXTargetDependency section */

/* Begin PBXVariantGroup section */
		36741A6521FEBE32009D19D5 /* Main.storyboard */ = {
			isa = PBXVariantGroup;
			children = (
				36741A6621FEBE32009D19D5 /* Base */,
			);
			name = Main.storyboard;
			sourceTree = "<group>";
		};
		36741A6D21FEBE32009D19D5 /* LaunchScreen.storyboard */ = {
			isa = PBXVariantGroup;
			children = (
				36741A6E21FEBE32009D19D5 /* Base */,
			);
			name = LaunchScreen.storyboard;
			sourceTree = "<group>";
		};
/* End PBXVariantGroup section */

/* Begin XCBuildConfiguration section */
		36741A8921FEBE33009D19D5 /* Debug */ = {
			isa = XCBuildConfiguration;
			buildSettings = {
				ALWAYS_SEARCH_USER_PATHS = NO;
				CLANG_ANALYZER_NONNULL = YES;
				CLANG_ANALYZER_NUMBER_OBJECT_CONVERSION = YES_AGGRESSIVE;
				CLANG_CXX_LANGUAGE_STANDARD = "gnu++14";
				CLANG_CXX_LIBRARY = "libc++";
				CLANG_ENABLE_MODULES = YES;
				CLANG_ENABLE_OBJC_ARC = YES;
				CLANG_ENABLE_OBJC_WEAK = YES;
				CLANG_WARN_BLOCK_CAPTURE_AUTORELEASING = YES;
				CLANG_WARN_BOOL_CONVERSION = YES;
				CLANG_WARN_COMMA = YES;
				CLANG_WARN_CONSTANT_CONVERSION = YES;
				CLANG_WARN_DEPRECATED_OBJC_IMPLEMENTATIONS = YES;
				CLANG_WARN_DIRECT_OBJC_ISA_USAGE = YES_ERROR;
				CLANG_WARN_DOCUMENTATION_COMMENTS = YES;
				CLANG_WARN_EMPTY_BODY = YES;
				CLANG_WARN_ENUM_CONVERSION = YES;
				CLANG_WARN_INFINITE_RECURSION = YES;
				CLANG_WARN_INT_CONVERSION = YES;
				CLANG_WARN_NON_LITERAL_NULL_CONVERSION = YES;
				CLANG_WARN_OBJC_IMPLICIT_RETAIN_SELF = YES;
				CLANG_WARN_OBJC_LITERAL_CONVERSION = YES;
				CLANG_WARN_OBJC_ROOT_CLASS = YES_ERROR;
				CLANG_WARN_RANGE_LOOP_ANALYSIS = YES;
				CLANG_WARN_STRICT_PROTOTYPES = YES;
				CLANG_WARN_SUSPICIOUS_MOVE = YES;
				CLANG_WARN_UNGUARDED_AVAILABILITY = YES_AGGRESSIVE;
				CLANG_WARN_UNREACHABLE_CODE = YES;
				CLANG_WARN__DUPLICATE_METHOD_MATCH = YES;
				CODE_SIGN_IDENTITY = "iPhone Developer";
				COPY_PHASE_STRIP = NO;
				DEBUG_INFORMATION_FORMAT = dwarf;
				ENABLE_STRICT_OBJC_MSGSEND = YES;
				ENABLE_TESTABILITY = YES;
				GCC_C_LANGUAGE_STANDARD = gnu11;
				GCC_DYNAMIC_NO_PIC = NO;
				GCC_NO_COMMON_BLOCKS = YES;
				GCC_OPTIMIZATION_LEVEL = 0;
				GCC_PREPROCESSOR_DEFINITIONS = (
					"DEBUG=1",
					"$(inherited)",
				);
				GCC_WARN_64_TO_32_BIT_CONVERSION = YES;
				GCC_WARN_ABOUT_RETURN_TYPE = YES_ERROR;
				GCC_WARN_UNDECLARED_SELECTOR = YES;
				GCC_WARN_UNINITIALIZED_AUTOS = YES_AGGRESSIVE;
				GCC_WARN_UNUSED_FUNCTION = YES;
				GCC_WARN_UNUSED_VARIABLE = YES;
				IPHONEOS_DEPLOYMENT_TARGET = 12.1;
				MTL_ENABLE_DEBUG_INFO = INCLUDE_SOURCE;
				MTL_FAST_MATH = YES;
				ONLY_ACTIVE_ARCH = YES;
				SDKROOT = iphoneos;
			};
			name = Debug;
		};
		36741A8A21FEBE33009D19D5 /* Release */ = {
			isa = XCBuildConfiguration;
			buildSettings = {
				ALWAYS_SEARCH_USER_PATHS = NO;
				CLANG_ANALYZER_NONNULL = YES;
				CLANG_ANALYZER_NUMBER_OBJECT_CONVERSION = YES_AGGRESSIVE;
				CLANG_CXX_LANGUAGE_STANDARD = "gnu++14";
				CLANG_CXX_LIBRARY = "libc++";
				CLANG_ENABLE_MODULES = YES;
				CLANG_ENABLE_OBJC_ARC = YES;
				CLANG_ENABLE_OBJC_WEAK = YES;
				CLANG_WARN_BLOCK_CAPTURE_AUTORELEASING = YES;
				CLANG_WARN_BOOL_CONVERSION = YES;
				CLANG_WARN_COMMA = YES;
				CLANG_WARN_CONSTANT_CONVERSION = YES;
				CLANG_WARN_DEPRECATED_OBJC_IMPLEMENTATIONS = YES;
				CLANG_WARN_DIRECT_OBJC_ISA_USAGE = YES_ERROR;
				CLANG_WARN_DOCUMENTATION_COMMENTS = YES;
				CLANG_WARN_EMPTY_BODY = YES;
				CLANG_WARN_ENUM_CONVERSION = YES;
				CLANG_WARN_INFINITE_RECURSION = YES;
				CLANG_WARN_INT_CONVERSION = YES;
				CLANG_WARN_NON_LITERAL_NULL_CONVERSION = YES;
				CLANG_WARN_OBJC_IMPLICIT_RETAIN_SELF = YES;
				CLANG_WARN_OBJC_LITERAL_CONVERSION = YES;
				CLANG_WARN_OBJC_ROOT_CLASS = YES_ERROR;
				CLANG_WARN_RANGE_LOOP_ANALYSIS = YES;
				CLANG_WARN_STRICT_PROTOTYPES = YES;
				CLANG_WARN_SUSPICIOUS_MOVE = YES;
				CLANG_WARN_UNGUARDED_AVAILABILITY = YES_AGGRESSIVE;
				CLANG_WARN_UNREACHABLE_CODE = YES;
				CLANG_WARN__DUPLICATE_METHOD_MATCH = YES;
				CODE_SIGN_IDENTITY = "iPhone Developer";
				COPY_PHASE_STRIP = NO;
				DEBUG_INFORMATION_FORMAT = "dwarf-with-dsym";
				ENABLE_NS_ASSERTIONS = NO;
				ENABLE_STRICT_OBJC_MSGSEND = YES;
				GCC_C_LANGUAGE_STANDARD = gnu11;
				GCC_NO_COMMON_BLOCKS = YES;
				GCC_WARN_64_TO_32_BIT_CONVERSION = YES;
				GCC_WARN_ABOUT_RETURN_TYPE = YES_ERROR;
				GCC_WARN_UNDECLARED_SELECTOR = YES;
				GCC_WARN_UNINITIALIZED_AUTOS = YES_AGGRESSIVE;
				GCC_WARN_UNUSED_FUNCTION = YES;
				GCC_WARN_UNUSED_VARIABLE = YES;
				IPHONEOS_DEPLOYMENT_TARGET = 12.1;
				MTL_ENABLE_DEBUG_INFO = NO;
				MTL_FAST_MATH = YES;
				SDKROOT = iphoneos;
				VALIDATE_PRODUCT = YES;
			};
			name = Release;
		};
		36741A8C21FEBE33009D19D5 /* Debug */ = {
			isa = XCBuildConfiguration;
			baseConfigurationReference = 259C0AD09A67CBEB7615E0F4 /* Pods-Bacon.debug.xcconfig */;
			buildSettings = {
				ASSETCATALOG_COMPILER_APPICON_NAME = AppIcon;
				CODE_SIGN_STYLE = Automatic;
				DEVELOPMENT_TEAM = C2JM7XLS3M;
				INFOPLIST_FILE = Bacon/Info.plist;
				LD_RUNPATH_SEARCH_PATHS = (
					"$(inherited)",
					"@executable_path/Frameworks",
				);
				PRODUCT_BUNDLE_IDENTIFIER = com.skaiwei.Bacon;
				PRODUCT_NAME = "$(TARGET_NAME)";
				TARGETED_DEVICE_FAMILY = "1,2";
			};
			name = Debug;
		};
		36741A8D21FEBE33009D19D5 /* Release */ = {
			isa = XCBuildConfiguration;
			baseConfigurationReference = DFC13B0045415D6965844BEC /* Pods-Bacon.release.xcconfig */;
			buildSettings = {
				ASSETCATALOG_COMPILER_APPICON_NAME = AppIcon;
				CODE_SIGN_STYLE = Automatic;
				DEVELOPMENT_TEAM = C2JM7XLS3M;
				INFOPLIST_FILE = Bacon/Info.plist;
				LD_RUNPATH_SEARCH_PATHS = (
					"$(inherited)",
					"@executable_path/Frameworks",
				);
				PRODUCT_BUNDLE_IDENTIFIER = com.skaiwei.Bacon;
				PRODUCT_NAME = "$(TARGET_NAME)";
				TARGETED_DEVICE_FAMILY = "1,2";
			};
			name = Release;
		};
		36741A8F21FEBE33009D19D5 /* Debug */ = {
			isa = XCBuildConfiguration;
			baseConfigurationReference = 292E2F67D0C402F389DED9EA /* Pods-BaconTests.debug.xcconfig */;
			buildSettings = {
				BUNDLE_LOADER = "$(TEST_HOST)";
				CODE_SIGN_STYLE = Automatic;
				DEVELOPMENT_TEAM = C2JM7XLS3M;
				INFOPLIST_FILE = BaconTests/Info.plist;
				LD_RUNPATH_SEARCH_PATHS = (
					"$(inherited)",
					"@executable_path/Frameworks",
					"@loader_path/Frameworks",
				);
				PRODUCT_BUNDLE_IDENTIFIER = com.skaiwei.BaconTests;
				PRODUCT_NAME = "$(TARGET_NAME)";
				TARGETED_DEVICE_FAMILY = "1,2";
				TEST_HOST = "$(BUILT_PRODUCTS_DIR)/Bacon.app/Bacon";
			};
			name = Debug;
		};
		36741A9021FEBE33009D19D5 /* Release */ = {
			isa = XCBuildConfiguration;
			baseConfigurationReference = 05CC00BBF5CB52F640E4F31A /* Pods-BaconTests.release.xcconfig */;
			buildSettings = {
				BUNDLE_LOADER = "$(TEST_HOST)";
				CODE_SIGN_STYLE = Automatic;
				DEVELOPMENT_TEAM = C2JM7XLS3M;
				INFOPLIST_FILE = BaconTests/Info.plist;
				LD_RUNPATH_SEARCH_PATHS = (
					"$(inherited)",
					"@executable_path/Frameworks",
					"@loader_path/Frameworks",
				);
				PRODUCT_BUNDLE_IDENTIFIER = com.skaiwei.BaconTests;
				PRODUCT_NAME = "$(TARGET_NAME)";
				TARGETED_DEVICE_FAMILY = "1,2";
				TEST_HOST = "$(BUILT_PRODUCTS_DIR)/Bacon.app/Bacon";
			};
			name = Release;
		};
		36741A9221FEBE33009D19D5 /* Debug */ = {
			isa = XCBuildConfiguration;
			baseConfigurationReference = D5A18AD71B3D6041925E4870 /* Pods-BaconUITests.debug.xcconfig */;
			buildSettings = {
				CODE_SIGN_STYLE = Automatic;
				DEVELOPMENT_TEAM = C2JM7XLS3M;
				INFOPLIST_FILE = BaconUITests/Info.plist;
				LD_RUNPATH_SEARCH_PATHS = (
					"$(inherited)",
					"@executable_path/Frameworks",
					"@loader_path/Frameworks",
				);
				PRODUCT_BUNDLE_IDENTIFIER = com.skaiwei.BaconUITests;
				PRODUCT_NAME = "$(TARGET_NAME)";
				TARGETED_DEVICE_FAMILY = "1,2";
				TEST_TARGET_NAME = Bacon;
			};
			name = Debug;
		};
		36741A9321FEBE33009D19D5 /* Release */ = {
			isa = XCBuildConfiguration;
			baseConfigurationReference = 21C0E50ED0EDB18B76E25DC7 /* Pods-BaconUITests.release.xcconfig */;
			buildSettings = {
				CODE_SIGN_STYLE = Automatic;
				DEVELOPMENT_TEAM = C2JM7XLS3M;
				INFOPLIST_FILE = BaconUITests/Info.plist;
				LD_RUNPATH_SEARCH_PATHS = (
					"$(inherited)",
					"@executable_path/Frameworks",
					"@loader_path/Frameworks",
				);
				PRODUCT_BUNDLE_IDENTIFIER = com.skaiwei.BaconUITests;
				PRODUCT_NAME = "$(TARGET_NAME)";
				TARGETED_DEVICE_FAMILY = "1,2";
				TEST_TARGET_NAME = Bacon;
			};
			name = Release;
		};
/* End XCBuildConfiguration section */

/* Begin XCConfigurationList section */
		36741A5721FEBE32009D19D5 /* Build configuration list for PBXProject "Bacon" */ = {
			isa = XCConfigurationList;
			buildConfigurations = (
				36741A8921FEBE33009D19D5 /* Debug */,
				36741A8A21FEBE33009D19D5 /* Release */,
			);
			defaultConfigurationIsVisible = 0;
			defaultConfigurationName = Release;
		};
		36741A8B21FEBE33009D19D5 /* Build configuration list for PBXNativeTarget "Bacon" */ = {
			isa = XCConfigurationList;
			buildConfigurations = (
				36741A8C21FEBE33009D19D5 /* Debug */,
				36741A8D21FEBE33009D19D5 /* Release */,
			);
			defaultConfigurationIsVisible = 0;
			defaultConfigurationName = Release;
		};
		36741A8E21FEBE33009D19D5 /* Build configuration list for PBXNativeTarget "BaconTests" */ = {
			isa = XCConfigurationList;
			buildConfigurations = (
				36741A8F21FEBE33009D19D5 /* Debug */,
				36741A9021FEBE33009D19D5 /* Release */,
			);
			defaultConfigurationIsVisible = 0;
			defaultConfigurationName = Release;
		};
		36741A9121FEBE33009D19D5 /* Build configuration list for PBXNativeTarget "BaconUITests" */ = {
			isa = XCConfigurationList;
			buildConfigurations = (
				36741A9221FEBE33009D19D5 /* Debug */,
				36741A9321FEBE33009D19D5 /* Release */,
			);
			defaultConfigurationIsVisible = 0;
			defaultConfigurationName = Release;
		};
/* End XCConfigurationList section */

/* Begin XCVersionGroup section */
		36741A6821FEBE32009D19D5 /* Bacon.xcdatamodeld */ = {
			isa = XCVersionGroup;
			children = (
				36741A6921FEBE32009D19D5 /* Bacon.xcdatamodel */,
			);
			currentVersion = 36741A6921FEBE32009D19D5 /* Bacon.xcdatamodel */;
			path = Bacon.xcdatamodeld;
			sourceTree = "<group>";
			versionGroupType = wrapper.xcdatamodel;
		};
/* End XCVersionGroup section */
	};
	rootObject = 36741A5421FEBE32009D19D5 /* Project object */;
}
